
Microsoft Visual Studio Solution File, Format Version 12.00
# Visual Studio Version 17
VisualStudioVersion = 17.6.33801.468
MinimumVisualStudioVersion = 10.0.40219.1
Project("{888888A0-9F3D-457C-B088-3A5042F75D52}") = "WordAnalyzerApp", "WordAnalyzerApp.pyproj", "{97A969A1-AB12-435C-BACD-B6C0F252FE04}"
EndProject
Global
	GlobalSection(SolutionConfigurationPlatforms) = preSolution
		Debug|Any CPU = Debug|Any CPU
		Release|Any CPU = Release|Any CPU
	EndGlobalSection
	GlobalSection(ProjectConfigurationPlatforms) = postSolution
		{97A969A1-AB12-435C-BACD-B6C0F252FE04}.Debug|Any CPU.ActiveCfg = Debug|Any CPU
		{97A969A1-AB12-435C-BACD-B6C0F252FE04}.Release|Any CPU.ActiveCfg = Release|Any CPU
	EndGlobalSection
	GlobalSection(SolutionProperties) = preSolution
		HideSolutionNode = FALSE
	EndGlobalSection
	GlobalSection(ExtensibilityGlobals) = postSolution
		SolutionGuid = {E7E3EC07-C2ED-445C-B91F-9976AA23926A}
	EndGlobalSection
EndGlobal
